
Microsoft Visual Studio Solution File, Format Version 12.00
# Visual Studio Version 16
VisualStudioVersion = 16.0.33027.164
MinimumVisualStudioVersion = 10.0.40219.1
Project("{FAE04EC0-301F-11D3-BF4B-00C04F79EFBC}") = "Capitulo02.Razor", "Capitulo02.Razor\Capitulo02.Razor.csproj", "{158002B1-65D3-4EB5-9ED6-B45D45576EF6}"
EndProject
Global
	GlobalSection(SolutionConfigurationPlatforms) = preSolution
		Debug|Any CPU = Debug|Any CPU
		Release|Any CPU = Release|Any CPU
	EndGlobalSection
	GlobalSection(ProjectConfigurationPlatforms) = postSolution
		{158002B1-65D3-4EB5-9ED6-B45D45576EF6}.Debug|Any CPU.ActiveCfg = Debug|Any CPU
		{158002B1-65D3-4EB5-9ED6-B45D45576EF6}.Debug|Any CPU.Build.0 = Debug|Any CPU
		{158002B1-65D3-4EB5-9ED6-B45D45576EF6}.Release|Any CPU.ActiveCfg = Release|Any CPU
		{158002B1-65D3-4EB5-9ED6-B45D45576EF6}.Release|Any CPU.Build.0 = Release|Any CPU
	EndGlobalSection
	GlobalSection(SolutionProperties) = preSolution
		HideSolutionNode = FALSE
	EndGlobalSection
	GlobalSection(ExtensibilityGlobals) = postSolution
		SolutionGuid = {B5B88178-8144-46E5-9E80-FDCF05FEAF57}
	EndGlobalSection
EndGlobal
