
Microsoft Visual Studio Solution File, Format Version 12.00
# Visual Studio Version 17
VisualStudioVersion = 17.4.33110.190
MinimumVisualStudioVersion = 10.0.40219.1
Project("{FAE04EC0-301F-11D3-BF4B-00C04F79EFBC}") = "Lab.MVC", "Lab.MVC\Lab.MVC.csproj", "{6BAA6F42-BAED-47A8-B715-D17CFC925DB1}"
EndProject
Global
	GlobalSection(SolutionConfigurationPlatforms) = preSolution
		Debug|Any CPU = Debug|Any CPU
		Release|Any CPU = Release|Any CPU
	EndGlobalSection
	GlobalSection(ProjectConfigurationPlatforms) = postSolution
		{6BAA6F42-BAED-47A8-B715-D17CFC925DB1}.Debug|Any CPU.ActiveCfg = Debug|Any CPU
		{6BAA6F42-BAED-47A8-B715-D17CFC925DB1}.Debug|Any CPU.Build.0 = Debug|Any CPU
		{6BAA6F42-BAED-47A8-B715-D17CFC925DB1}.Release|Any CPU.ActiveCfg = Release|Any CPU
		{6BAA6F42-BAED-47A8-B715-D17CFC925DB1}.Release|Any CPU.Build.0 = Release|Any CPU
	EndGlobalSection
	GlobalSection(SolutionProperties) = preSolution
		HideSolutionNode = FALSE
	EndGlobalSection
	GlobalSection(ExtensibilityGlobals) = postSolution
		SolutionGuid = {94C7F578-DFC0-4A91-8677-94DBD5E53D14}
	EndGlobalSection
EndGlobal
